
Microsoft Visual Studio Solution File, Format Version 12.00
# Visual Studio 15
VisualStudioVersion = 15.0.28307.1259
MinimumVisualStudioVersion = 10.0.40219.1
Project("{FAE04EC0-301F-11D3-BF4B-00C04F79EFBC}") = "P7", "P7\P7.csproj", "{ECF647C2-BCDC-4459-AA14-68F61994A1F3}"
EndProject
Global
	GlobalSection(SolutionConfigurationPlatforms) = preSolution
		Debug|Any CPU = Debug|Any CPU
		Release|Any CPU = Release|Any CPU
	EndGlobalSection
	GlobalSection(ProjectConfigurationPlatforms) = postSolution
		{ECF647C2-BCDC-4459-AA14-68F61994A1F3}.Debug|Any CPU.ActiveCfg = Debug|Any CPU
		{ECF647C2-BCDC-4459-AA14-68F61994A1F3}.Debug|Any CPU.Build.0 = Debug|Any CPU
		{ECF647C2-BCDC-4459-AA14-68F61994A1F3}.Release|Any CPU.ActiveCfg = Release|Any CPU
		{ECF647C2-BCDC-4459-AA14-68F61994A1F3}.Release|Any CPU.Build.0 = Release|Any CPU
	EndGlobalSection
	GlobalSection(SolutionProperties) = preSolution
		HideSolutionNode = FALSE
	EndGlobalSection
	GlobalSection(ExtensibilityGlobals) = postSolution
		SolutionGuid = {520B5BDB-1823-4457-8CBB-C014E1829DDC}
	EndGlobalSection
EndGlobal
